schema_version: 1
platform_images:
  platform: linux/amd64
  buildkit: v0.31.1
  buildx: v0.35.0
  dockerfile_frontend: docker.io/docker/dockerfile:1.25.0@sha256:0adf442eae370b6087e08edc7c50b552d80ddf261576f4ebd6421006b2461f12
  trivy: 0.72.0
  cosign: 3.0.6
  kyverno_cli: v1.18.2
  helm: v3.21.3
  ci_images:
    trivy: docker.io/aquasec/trivy:0.72.0@sha256:cffe3f5161a47a6823fbd23d985795b3ed72a4c806da4c4df16266c02accdd6f
    kyverno_cli: ghcr.io/kyverno/kyverno-cli:v1.18.2@sha256:7224ed05508c24419c3df98114c28ba682ad0a940dcdb7b9fdba0a4b6bf943cf
    helm: docker.io/alpine/helm:3.21.3@sha256:35da09ba0716fc7c3cd63b6b31ee380a9c7662e95f29ab0e4ae962420afd315b
  pnpm: 9.15.4
  bases:
    rust_builder: docker.io/library/rust:1.85.1-bookworm@sha256:e51d0265072d2d9d5d320f6a44dde6b9ef13653b035098febd68cce8fa7c0bc4
    rust_runtime: gcr.io/distroless/cc-debian12:nonroot@sha256:66aa873a4a14fb164aa01296058efd8253744606d72715e45acface073359faa
    node_builder: docker.io/library/node:22.18.0-bookworm-slim@sha256:752ea8a2f758c34002a0461bd9f1cee4f9a3c36d48494586f60ffce1fc708e0e
    web_runtime: docker.io/nginxinc/nginx-unprivileged:1.29.1-alpine@sha256:27985295bdb22a1ef8f712863210bd5877c0f3006494a593e86b3fe0fa55467e
postgresql:
  image: postgres:17.5-alpine
kubernetes:
  minor: v1.35
  patch: v1.35.6
crio: 1.35.5
cilium:
  chart: 1.19.5
  image: quay.io/cilium/cilium:v1.19.5@sha256:20fbbc14ac20b55a292c0dcda5571bf31cde30a7dbc68c29db3e709390ab0732
gateway_api:
  standard_channel: v1.6.0
metallb:
  chart: 0.16.1
local_path_provisioner: v0.0.36
nfs_csi:
  chart: 4.13.4
cert_manager: v1.21.0
kubevirt: v1.8.4
cdi: v1.65.0
kyverno: v1.18.2
etcd: 3.6.6
harbor:
  chart: 1.19.1
  app: 2.15.1
  chart_archive_sha256: sha256:593f47e1ff6cdb58bd571708535ccef436f44ccf842c5f7925cd7b03e827edc1
  images:
    nginx: sha256:1f9d06d040f2478f6cf7f6da0091877bf987a641810f4bfaadb2a87d73dbf4fb
    portal: sha256:ac55161c57a8351807adf8f8def264bdd52667c371d0436beefebdac4341c9e2
    core: sha256:887a85b8ea98b76bfc9f715f1a0785bb99f9a1034241513902dd6e95be922a83
    jobservice: sha256:0de4fd2ce3a02d3e6591b439e4674ea085885ddf43652b44004cc67eb19dba12
    registry: sha256:ebf0325c2661729dbb317cbf839608eb8b15cfa158911a94976f2c21563c466e
    registryctl: sha256:554147a956989175f63f8d41573d716c6ddf6052acd1749c88c0f99ce6ee2bff
    trivy: sha256:f0c52bed36c083ec4fded26cefab01e4cd58c9354c261cb3156c69f57bb50131
    database: sha256:7944d8594a48a8d014e1fa440bc788348f2a779fa2c612ed6b79390cd767e6db
    redis: sha256:5669d4828805d9ed0bbfc18c101c6ec82d26a13cb9242b48f6348a3e3b2e4cca
    exporter: sha256:372275b6b6abeb571fa7bd5de458e3d75f1a1636503b3c0abe02938f2b285d75
  oidc: disabled
  topology: single-instance
  persistence:
    database: local-path
    redis: local-path
    registry: nfs-rwx
    trivy: nfs-rwx
private_sigstore:
  scaffold_chart: 0.6.111
  scaffold_chart_archive_sha256: sha256:317e725c98d34cb600aa5a80aed7e455672e5dab7f9d70aad874949314551b08
  cosign: 3.0.6
  cosign_linux_amd64_sha256: sha256:c956e5dfcac53d52bcf058360d579472f0c1d2d9b69f55209e256fe7783f4c74
  images:
    fulcio: ghcr.io/sigstore/fulcio:v1.8.8@sha256:ef72cf56c64b7455ceda5268d1cc801b92992e7ce36b744b40b7761684d60753
    rekor: ghcr.io/sigstore/rekor/rekor-server:v1.5.3@sha256:ef3ac5d318fe8fb50997d6bf3e39c04e8ccc87708ff991e16d74e956f85ca74e
    ctlog: ghcr.io/sigstore/scaffolding/ct_server:v0.7.31@sha256:66664ba563e7c2564ba32fb5d0e8fdeb42d7f0d5ce45f0df5d80074daea5126c
    tuf: ghcr.io/sigstore/scaffolding/server:v0.7.31@sha256:ae8eb69c7b7065456370c7025ff781487704352d73231b08d16b525b0cb16b54
    trillian_log_server: ghcr.io/sigstore/scaffolding/trillian_log_server:v1.7.2@sha256:d953a8eb3f9311e55ebee754de234f1f63e4db2d5e76c15326c288fb0887bb11
    trillian_log_signer: ghcr.io/sigstore/scaffolding/trillian_log_signer:v1.7.2@sha256:51631983a7e6f0b3faeb188c590e65b9793a6a6617e0631f8b4fd68e98d0460e
    database: gcr.io/trillian-opensource-ci/db_server:v1.5.3@sha256:2a685a38dd0129cceb646c232d285383f614c7e6fa51ff8f512aef78e4298461
    redis: docker.io/redis:6.2.17-alpine3.21@sha256:148bb5411c184abd288d9aaed139c98123eeb8824c5d3fce03cf721db58066d8
    curl: docker.io/curlimages/curl:8.17.0@sha256:935d9100e9ba842cdb060de42472c7ca90cfe9a7c96e4dacb55e79e560b3ff40
    create_certs: ghcr.io/sigstore/scaffolding/createcerts:v0.7.31@sha256:7f59f7c08d1a82ac5fbd6d0f1f9082152dadc8d59022c52780eb3648f4b88112
    create_tree: ghcr.io/sigstore/scaffolding/createtree:v0.7.31@sha256:e5232e8c9122fcf87260b48f4b05bcb95c35c8aaa57581b42f0fde7460bd3e91
    create_ct_config: ghcr.io/sigstore/scaffolding/createctconfig:v0.7.31@sha256:3a061734c5be610d69830ea1e223bd6a8b86bc262b67ff7409147d7db698df51
    createdb: ghcr.io/sigstore/scaffolding/createdb@sha256:3cee6c78973b82af6c3c3632bf8d44dafbab1632b3999a7292b170237c5dd5cc
    netcat: docker.io/subfuzion/netcat@sha256:7e808e84a631d9c2cd5a04f6a084f925ea388e3127553461536c1248c3333c8a
    tuf_static: docker.io/library/busybox@sha256:73aaf090f3d85aa34ee199857f03fa3a95c8ede2ffd4cc2cdb5b94e566b11662
identity_foundation:
  keycloak: 26.7.0
  postgres: 17.6-alpine
  python_kubernetes_rpm: python3-kubernetes-34.1.0-2.el10_2
  images:
    keycloak: docker.io/keycloak/keycloak:26.7.0@sha256:1362a9d9f13ab325231ea133610cc905e12805804abc7acbef552dd613720aa6
    postgres: docker.io/library/postgres:17.6-alpine@sha256:747d5ed1fdeeb124b880fbe3d7c6557d2c4064ae41d6b6297d417882effce4be
test_images:
  busybox: docker.io/library/busybox@sha256:73aaf090f3d85aa34ee199857f03fa3a95c8ede2ffd4cc2cdb5b94e566b11662
  cirros: quay.io/kubevirt/cirros-container-disk-demo@sha256:e2a45211b1f4a73e40b5356e503786c6dc7b5fb003b5d1d4ffa0a450a3dfdefe
